<?xml version="1.0" encoding="utf-8"?>
<Project ToolsVersion="4.0" xmlns="http://schemas.microsoft.com/developer/msbuild/2003">
  <ItemGroup>
    <ClCompile Include="Input\InputHook.cpp">
      <Filter>Input</Filter>
    </ClCompile>
    <ClCompile Include="ASI Loader\ASILoader.cpp">
      <Filter>ASI Loader</Filter>
    </ClCompile>
    <ClCompile Include="OpenVHook.cpp" />
    <ClCompile Include="Scripting\ScriptThread.cpp">
      <Filter>Scripting\Script Thread</Filter>
    </ClCompile>
    <ClCompile Include="Scripting\ScriptEngine.cpp">
      <Filter>Scripting\Script Engine</Filter>
    </ClCompile>
    <ClCompile Include="Scripting\NativeInvoker.cpp">
      <Filter>Scripting\Native Invoker</Filter>
    </ClCompile>
    <ClCompile Include="Scripting\ScriptManager.cpp">
      <Filter>Scripting\Script Manager</Filter>
    </ClCompile>
    <ClCompile Include="Utility\Pattern.cpp">
      <Filter>Utility\Pattern</Filter>
    </ClCompile>
    <ClCompile Include="Utility\Console.cpp">
      <Filter>Utility\Console</Filter>
    </ClCompile>
    <ClCompile Include="Utility\Log.cpp">
      <Filter>Utility\Log</Filter>
    </ClCompile>
    <ClCompile Include="Utility\General.cpp">
      <Filter>Utility\General</Filter>
    </ClCompile>
    <ClCompile Include="Utility\PEImage.cpp">
      <Filter>Utility\PE Image</Filter>
    </ClCompile>
    <ClCompile Include="Utility\Thread.cpp">
      <Filter>Utility\Thread</Filter>
    </ClCompile>
    <ClCompile Include="Scripting\Pools.cpp">
      <Filter>Scripting\Pools</Filter>
    </ClCompile>
    <ClCompile Include="DirectXTK\Src\CommonStates.cpp">
      <Filter>DirectXTK</Filter>
    </ClCompile>
    <ClCompile Include="DirectXTK\Src\WICTextureLoader.cpp">
      <Filter>DirectXTK</Filter>
    </ClCompile>
    <ClCompile Include="DirectXTK\Src\SpriteBatch.cpp">
      <Filter>DirectXTK</Filter>
    </ClCompile>
    <ClCompile Include="DirectXTK\Src\SimpleMath.cpp">
      <Filter>DirectXTK</Filter>
    </ClCompile>
    <ClCompile Include="DirectXTK\Src\VertexTypes.cpp">
      <Filter>DirectXTK</Filter>
    </ClCompile>
    <ClCompile Include="DirectXTK\Src\BufferHelpers.cpp">
      <Filter>DirectXTK</Filter>
    </ClCompile>
    <ClCompile Include="kiero\kiero.cpp">
      <Filter>Kiero</Filter>
    </ClCompile>
  </ItemGroup>
  <ItemGroup>
    <Filter Include="Input">
      <UniqueIdentifier>{e8950c58-a34c-458d-91df-a5429763f86f}</UniqueIdentifier>
    </Filter>
    <Filter Include="ASI Loader">
      <UniqueIdentifier>{0abb8b11-95af-4e5c-a947-4bb29115b7b7}</UniqueIdentifier>
    </Filter>
    <Filter Include="Utility">
      <UniqueIdentifier>{9d373d22-c87f-4e58-ac62-d07dd39a620d}</UniqueIdentifier>
    </Filter>
    <Filter Include="Scripting">
      <UniqueIdentifier>{fc7df339-555b-495e-9324-c46253b7da11}</UniqueIdentifier>
    </Filter>
    <Filter Include="Scripting\Script Engine">
      <UniqueIdentifier>{17b4c110-786b-43b7-835e-21b7a4fabcd5}</UniqueIdentifier>
    </Filter>
    <Filter Include="Scripting\Script Thread">
      <UniqueIdentifier>{6360a881-c580-47b5-a2e5-6b1bb6557823}</UniqueIdentifier>
    </Filter>
    <Filter Include="Scripting\Native Invoker">
      <UniqueIdentifier>{3acbee36-5502-4cd0-9387-da2eda461d1d}</UniqueIdentifier>
    </Filter>
    <Filter Include="Scripting\Script Manager">
      <UniqueIdentifier>{8c62d1fa-670a-4906-85c9-20fe21541974}</UniqueIdentifier>
    </Filter>
    <Filter Include="Utility\Pattern">
      <UniqueIdentifier>{153181a6-98f5-47fd-bab2-a7ea18ed9f0e}</UniqueIdentifier>
    </Filter>
    <Filter Include="Utility\Console">
      <UniqueIdentifier>{65aa2044-23be-4fe1-99d3-e3affce2b487}</UniqueIdentifier>
    </Filter>
    <Filter Include="Utility\Log">
      <UniqueIdentifier>{a94a9565-5380-4098-b7a9-299f228e3ccb}</UniqueIdentifier>
    </Filter>
    <Filter Include="Utility\General">
      <UniqueIdentifier>{253d7840-21f5-4db3-b4f9-686a7aac25df}</UniqueIdentifier>
    </Filter>
    <Filter Include="Utility\PE Image">
      <UniqueIdentifier>{b9b5bfd4-b258-4191-9415-94202c2034e8}</UniqueIdentifier>
    </Filter>
    <Filter Include="SDK">
      <UniqueIdentifier>{ffd36cce-41fd-43b5-b289-9c6253165e81}</UniqueIdentifier>
    </Filter>
    <Filter Include="Utility\Thread">
      <UniqueIdentifier>{fa7afa1b-3204-4b35-9f15-1b879591e07e}</UniqueIdentifier>
    </Filter>
    <Filter Include="Scripting\Pools">
      <UniqueIdentifier>{35981836-3de3-4b64-82c5-daa0cc5cfd2d}</UniqueIdentifier>
    </Filter>
    <Filter Include="DirectXTK">
      <UniqueIdentifier>{767df8f2-ae02-45de-b5fc-b34ab10fda85}</UniqueIdentifier>
    </Filter>
    <Filter Include="Minhook">
      <UniqueIdentifier>{0ceb2010-5758-46c4-ad85-5a33b689aefb}</UniqueIdentifier>
    </Filter>
    <Filter Include="Kiero">
      <UniqueIdentifier>{85c9348d-c852-4a34-bfe1-6694d42445fa}</UniqueIdentifier>
    </Filter>
  </ItemGroup>
  <ItemGroup>
    <ClInclude Include="OpenVHook.h" />
    <ClInclude Include="Input\InputHook.h">
      <Filter>Input</Filter>
    </ClInclude>
    <ClInclude Include="ASI Loader\ASILoader.h">
      <Filter>ASI Loader</Filter>
    </ClInclude>
    <ClInclude Include="Scripting\pgCollection.h">
      <Filter>Scripting</Filter>
    </ClInclude>
    <ClInclude Include="Scripting\ScriptThread.h">
      <Filter>Scripting\Script Thread</Filter>
    </ClInclude>
    <ClInclude Include="Scripting\ScriptEngine.h">
      <Filter>Scripting\Script Engine</Filter>
    </ClInclude>
    <ClInclude Include="Scripting\NativeHashMap.h">
      <Filter>Scripting</Filter>
    </ClInclude>
    <ClInclude Include="Scripting\NativeInvoker.h">
      <Filter>Scripting\Native Invoker</Filter>
    </ClInclude>
    <ClInclude Include="Scripting\ScriptManager.h">
      <Filter>Scripting\Script Manager</Filter>
    </ClInclude>
    <ClInclude Include="Utility\Pattern.h">
      <Filter>Utility\Pattern</Filter>
    </ClInclude>
    <ClInclude Include="Utility\Console.h">
      <Filter>Utility\Console</Filter>
    </ClInclude>
    <ClInclude Include="Utility\Log.h">
      <Filter>Utility\Log</Filter>
    </ClInclude>
    <ClInclude Include="Utility\General.h">
      <Filter>Utility\General</Filter>
    </ClInclude>
    <ClInclude Include="Utility\PEImage.h">
      <Filter>Utility\PE Image</Filter>
    </ClInclude>
    <ClInclude Include="..\SDK\inc\main.h">
      <Filter>SDK</Filter>
    </ClInclude>
    <ClInclude Include="..\SDK\inc\nativeCaller.h">
      <Filter>SDK</Filter>
    </ClInclude>
    <ClInclude Include="..\SDK\inc\natives.h">
      <Filter>SDK</Filter>
    </ClInclude>
    <ClInclude Include="..\SDK\inc\types.h">
      <Filter>SDK</Filter>
    </ClInclude>
    <ClInclude Include="Utility\Thread.h">
      <Filter>Utility\Thread</Filter>
    </ClInclude>
    <ClInclude Include="Scripting\Types.h">
      <Filter>Scripting</Filter>
    </ClInclude>
    <ClInclude Include="Scripting\Pools.h">
      <Filter>Scripting\Pools</Filter>
    </ClInclude>
    <ClInclude Include="DirectXTK\Inc\WICTextureLoader.h">
      <Filter>DirectXTK</Filter>
    </ClInclude>
    <ClInclude Include="DirectXTK\Inc\SpriteBatch.h">
      <Filter>DirectXTK</Filter>
    </ClInclude>
    <ClInclude Include="DirectXTK\Inc\CommonStates.h">
      <Filter>DirectXTK</Filter>
    </ClInclude>
    <ClInclude Include="DirectXTK\Inc\SimpleMath.h">
      <Filter>DirectXTK</Filter>
    </ClInclude>
    <ClInclude Include="DirectXTK\Inc\VertexTypes.h">
      <Filter>DirectXTK</Filter>
    </ClInclude>
    <ClInclude Include="DirectXTK\Inc\BufferHelpers.h">
      <Filter>DirectXTK</Filter>
    </ClInclude>
    <ClInclude Include="minhook\include\MinHook.h">
      <Filter>Minhook</Filter>
    </ClInclude>
    <ClInclude Include="kiero\kiero.h">
      <Filter>Kiero</Filter>
    </ClInclude>
  </ItemGroup>
  <ItemGroup>
    <None Include="..\README.md" />
  </ItemGroup>
  <ItemGroup>
    <Text Include="LICENSE-ntauthority.txt" />
  </ItemGroup>
</Project>